{
  "name": "webcabin-docker",
  "version": "2.2.5",
  "lockfileVersion": 1,
  "requires": true,
  "dependencies": {
    "FileSaver": {
      "version": "https://registry.npmjs.org/FileSaver/-/FileSaver-0.10.0.tgz",
      "integrity": "sha1-fe84iZREWAQu9d8ukGTIjj0igcc="
    },
    "almond": {
      "version": "https://registry.npmjs.org/almond/-/almond-0.3.2.tgz",
      "integrity": "sha1-5IHJ80RiZeQFZhDdZpX8JkRfa+c=",
      "dev": true
    },
    "dcl": {
      "version": "https://registry.npmjs.org/dcl/-/dcl-1.1.3.tgz",
      "integrity": "sha1-sNyvub6twZe6znwNDa/bTw69vt0=",
      "dev": true
    },
    "dojo": {
      "version": "https://registry.npmjs.org/dojo/-/dojo-1.11.2.tgz",
      "integrity": "sha1-PnE8q0AJOrqRIDBPDKUFOsTUGT0=",
      "dev": true
    },
    "font-awesome": {
      "version": "https://registry.npmjs.org/font-awesome/-/font-awesome-4.6.3.tgz",
      "integrity": "sha1-hpM2UVQO4Ah0xmQBf1DyFy9lMaI="
    },
    "jquery": {
      "version": "https://registry.npmjs.org/jquery/-/jquery-1.11.1.tgz",
      "integrity": "sha1-tuyShZARLr7Wnh5Jy/0AJczWDds="
    },
    "jquery-contextmenu": {
      "version": "https://registry.npmjs.org/jquery-contextmenu/-/jquery-contextmenu-1.6.7.tgz",
      "integrity": "sha1-4NgH0b3KccEbuCuVwWF90nVyeOU=",
      "requires": {
        "jquery": "https://registry.npmjs.org/jquery/-/jquery-1.11.1.tgz"
      }
    },
    "lodash-amd": {
      "version": "https://registry.npmjs.org/lodash-amd/-/lodash-amd-4.15.0.tgz",
      "integrity": "sha1-hUQT7hQ5jMNfQ1KxFiEOFt0sRk0=",
      "dev": true
    },
    "requirejs": {
      "version": "https://registry.npmjs.org/requirejs/-/requirejs-2.2.0.tgz",
      "integrity": "sha1-DysVOK8rjQpP///eXTZ6qc1M/oQ=",
      "dev": true
    },
    "requirejs-domready": {
      "version": "https://registry.npmjs.org/requirejs-domready/-/requirejs-domready-2.0.3.tgz",
      "integrity": "sha1-BJ2xlljPrAdIWVLTUhMFq4NtrFI=",
      "dev": true
    }
  }
}
